
Microsoft Visual Studio Solution File, Format Version 12.00
# Visual Studio Version 17
VisualStudioVersion = 17.0.31903.59
MinimumVisualStudioVersion = 10.0.40219.1
Project("{2150E333-8FDC-42A3-9474-1A3956D46DE8}") = "src", "src", "{827E0CD3-B72D-47B6-A68D-7590B98EB39B}"
EndProject
Project("{FAE04EC0-301F-11D3-BF4B-00C04F79EFBC}") = "WhatFYN", "src\WhatFYN\WhatFYN.csproj", "{8E9B2533-9898-4262-BC3F-BE9EEC4BF1C9}"
EndProject
Project("{2150E333-8FDC-42A3-9474-1A3956D46DE8}") = "tests", "tests", "{0AB3BF05-4346-4AA6-1389-037BE0695223}"
EndProject
Project("{FAE04EC0-301F-11D3-BF4B-00C04F79EFBC}") = "WhatFYN.Tests", "tests\WhatFYN.Tests\WhatFYN.Tests.csproj", "{295CD5E6-FC36-4F38-9475-18CDFED9E46F}"
EndProject
Global
	GlobalSection(SolutionConfigurationPlatforms) = preSolution
		Debug|Any CPU = Debug|Any CPU
		Debug|x64 = Debug|x64
		Debug|x86 = Debug|x86
		Release|Any CPU = Release|Any CPU
		Release|x64 = Release|x64
		Release|x86 = Release|x86
	EndGlobalSection
	GlobalSection(ProjectConfigurationPlatforms) = postSolution
		{8E9B2533-9898-4262-BC3F-BE9EEC4BF1C9}.Debug|Any CPU.ActiveCfg = Debug|Any CPU
		{8E9B2533-9898-4262-BC3F-BE9EEC4BF1C9}.Debug|Any CPU.Build.0 = Debug|Any CPU
		{8E9B2533-9898-4262-BC3F-BE9EEC4BF1C9}.Debug|x64.ActiveCfg = Debug|Any CPU
		{8E9B2533-9898-4262-BC3F-BE9EEC4BF1C9}.Debug|x64.Build.0 = Debug|Any CPU
		{8E9B2533-9898-4262-BC3F-BE9EEC4BF1C9}.Debug|x86.ActiveCfg = Debug|Any CPU
		{8E9B2533-9898-4262-BC3F-BE9EEC4BF1C9}.Debug|x86.Build.0 = Debug|Any CPU
		{8E9B2533-9898-4262-BC3F-BE9EEC4BF1C9}.Release|Any CPU.ActiveCfg = Release|Any CPU
		{8E9B2533-9898-4262-BC3F-BE9EEC4BF1C9}.Release|Any CPU.Build.0 = Release|Any CPU
		{8E9B2533-9898-4262-BC3F-BE9EEC4BF1C9}.Release|x64.ActiveCfg = Release|Any CPU
		{8E9B2533-9898-4262-BC3F-BE9EEC4BF1C9}.Release|x64.Build.0 = Release|Any CPU
		{8E9B2533-9898-4262-BC3F-BE9EEC4BF1C9}.Release|x86.ActiveCfg = Release|Any CPU
		{8E9B2533-9898-4262-BC3F-BE9EEC4BF1C9}.Release|x86.Build.0 = Release|Any CPU
		{295CD5E6-FC36-4F38-9475-18CDFED9E46F}.Debug|Any CPU.ActiveCfg = Debug|Any CPU
		{295CD5E6-FC36-4F38-9475-18CDFED9E46F}.Debug|Any CPU.Build.0 = Debug|Any CPU
		{295CD5E6-FC36-4F38-9475-18CDFED9E46F}.Debug|x64.ActiveCfg = Debug|Any CPU
		{295CD5E6-FC36-4F38-9475-18CDFED9E46F}.Debug|x64.Build.0 = Debug|Any CPU
		{295CD5E6-FC36-4F38-9475-18CDFED9E46F}.Debug|x86.ActiveCfg = Debug|Any CPU
		{295CD5E6-FC36-4F38-9475-18CDFED9E46F}.Debug|x86.Build.0 = Debug|Any CPU
		{295CD5E6-FC36-4F38-9475-18CDFED9E46F}.Release|Any CPU.ActiveCfg = Release|Any CPU
		{295CD5E6-FC36-4F38-9475-18CDFED9E46F}.Release|Any CPU.Build.0 = Release|Any CPU
		{295CD5E6-FC36-4F38-9475-18CDFED9E46F}.Release|x64.ActiveCfg = Release|Any CPU
		{295CD5E6-FC36-4F38-9475-18CDFED9E46F}.Release|x64.Build.0 = Release|Any CPU
		{295CD5E6-FC36-4F38-9475-18CDFED9E46F}.Release|x86.ActiveCfg = Release|Any CPU
		{295CD5E6-FC36-4F38-9475-18CDFED9E46F}.Release|x86.Build.0 = Release|Any CPU
	EndGlobalSection
	GlobalSection(SolutionProperties) = preSolution
		HideSolutionNode = FALSE
	EndGlobalSection
	GlobalSection(NestedProjects) = preSolution
		{8E9B2533-9898-4262-BC3F-BE9EEC4BF1C9} = {827E0CD3-B72D-47B6-A68D-7590B98EB39B}
		{295CD5E6-FC36-4F38-9475-18CDFED9E46F} = {0AB3BF05-4346-4AA6-1389-037BE0695223}
	EndGlobalSection
EndGlobal
